{
    "version": "0.0.15",
    "files": {
        "rust/README.etch.md": 1694052837,
        "docs/CODE_OF_CONDUCT.etch.md": 1599554411,
        "rust/LICENSE.etch.md": 2448964748,
        "js/tsconfig.etch.json": 180542722,
        "docs/index.etch.md": 1694052837,
        "docs/LICENSE.etch.md": 2448964748,
        "CONTRIBUTING.etch.md": 1523652830,
        "LICENSE.etch.md": 2448964748,
        "py/LICENSE.etch.md": 2448964748,
        "py/README.etch.md": 1694052837,
        "py_rust/LICENSE.etch.md": 2448964748,
        "js/README.etch.md": 1694052837,
        "py_rust/README.etch.md": 1694052837,
        "CODE_OF_CONDUCT.etch.md": 1599554411,
        "README.etch.md": 1694052837,
        "js/LICENSE.etch.md": 2448964748,
        "docs/CONTRIBUTING.etch.md": 1523652830
    }
}
