{
  "version": "0.0.2",
  "files": {
    ".github/workflows/release.yml.zetch": "310af2ad7dc94f60ab830d1778a0b8011dd733c054c78e24d91afdc6513fba98",
    "LICENSE.zetch.md": "d2c12e539d357957b950a54a5477c3a9f87bd2b3ee707be7a4db7adaf5aacc2b",
    "py_rust/README.zetch.md": "3fbfefb5b8da85e26083192963d30d3afcabee46b80818bae370f8755f0fc7ae",
    "js/README.zetch.md": "3fbfefb5b8da85e26083192963d30d3afcabee46b80818bae370f8755f0fc7ae",
    "py_rust/LICENSE.zetch.md": "d2c12e539d357957b950a54a5477c3a9f87bd2b3ee707be7a4db7adaf5aacc2b",
    "py/LICENSE.zetch.md": "d2c12e539d357957b950a54a5477c3a9f87bd2b3ee707be7a4db7adaf5aacc2b",
    "docs/index.zetch.md": "3fbfefb5b8da85e26083192963d30d3afcabee46b80818bae370f8755f0fc7ae",
    "docs/CONTRIBUTING.zetch.md": "a41b09d39649a43accb86895fd7a5cbb79b036a8087d395e3f9f147540a0a39c",
    "README.zetch.md": "788f5322947b659360c43852dfb0bb180e66599c64bcd3f5feafadb2ac2b28e1",
    "rust/README.zetch.md": "3fbfefb5b8da85e26083192963d30d3afcabee46b80818bae370f8755f0fc7ae",
    "CONTRIBUTING.zetch.md": "a41b09d39649a43accb86895fd7a5cbb79b036a8087d395e3f9f147540a0a39c",
    "py/README.zetch.md": "3fbfefb5b8da85e26083192963d30d3afcabee46b80818bae370f8755f0fc7ae",
    "js/tsconfig.zetch.json": "fb5d57b825bb3c2f6dd4254bf939f2444e52946622a7f93b91e3acb75876ebbc",
    "rust/LICENSE.zetch.md": "d2c12e539d357957b950a54a5477c3a9f87bd2b3ee707be7a4db7adaf5aacc2b",
    "CODE_OF_CONDUCT.zetch.md": "bf106326ffc75f5167cfde27c997c77c6b97c843a9e392b564355d0e70e50b97",
    "docs/LICENSE.zetch.md": "d2c12e539d357957b950a54a5477c3a9f87bd2b3ee707be7a4db7adaf5aacc2b",
    "js/LICENSE.zetch.md": "d2c12e539d357957b950a54a5477c3a9f87bd2b3ee707be7a4db7adaf5aacc2b",
    "docs/CODE_OF_CONDUCT.zetch.md": "bf106326ffc75f5167cfde27c997c77c6b97c843a9e392b564355d0e70e50b97"
  }
}