{
  "version": "0.0.10",
  "files": {
    "opencollector.yaml.zetch": "33aa6a1e9e386b9e01c3d4c010b70260654c06850fb1433afb15545bd85f2f2d",
    "py/LICENSE.zetch.md": "d2c12e539d357957b950a54a5477c3a9f87bd2b3ee707be7a4db7adaf5aacc2b",
    "js/tsconfig.zetch.json": "fb5d57b825bb3c2f6dd4254bf939f2444e52946622a7f93b91e3acb75876ebbc",
    "CONTRIBUTING.zetch.md": "bace46dc064746b54cf472eba960d934d705c2f83120b865a4b47032ff1552c5",
    "docs/LICENSE.zetch.md": "d2c12e539d357957b950a54a5477c3a9f87bd2b3ee707be7a4db7adaf5aacc2b",
    "docs/CODE_OF_CONDUCT.zetch.md": "bf106326ffc75f5167cfde27c997c77c6b97c843a9e392b564355d0e70e50b97",
    "docs/index.zetch.md": "a9d4cc05a87de4f436d4f576c315d171a510b07307df3678420517ff0a2881b1",
    "CODE_OF_CONDUCT.zetch.md": "bf106326ffc75f5167cfde27c997c77c6b97c843a9e392b564355d0e70e50b97",
    "docs/CONTRIBUTING.zetch.md": "bace46dc064746b54cf472eba960d934d705c2f83120b865a4b47032ff1552c5",
    "py_rust/LICENSE.zetch.md": "d2c12e539d357957b950a54a5477c3a9f87bd2b3ee707be7a4db7adaf5aacc2b",
    "rust/LICENSE.zetch.md": "d2c12e539d357957b950a54a5477c3a9f87bd2b3ee707be7a4db7adaf5aacc2b",
    "rust/pkg/LICENSE.zetch.md": "d2c12e539d357957b950a54a5477c3a9f87bd2b3ee707be7a4db7adaf5aacc2b",
    "js/README.zetch.md": "a9d4cc05a87de4f436d4f576c315d171a510b07307df3678420517ff0a2881b1",
    "js/LICENSE.zetch.md": "d2c12e539d357957b950a54a5477c3a9f87bd2b3ee707be7a4db7adaf5aacc2b",
    "py_rust/README.zetch.md": "a9d4cc05a87de4f436d4f576c315d171a510b07307df3678420517ff0a2881b1",
    "LICENSE.zetch.md": "d2c12e539d357957b950a54a5477c3a9f87bd2b3ee707be7a4db7adaf5aacc2b",
    "README.zetch.md": "3c020cafb75c2a7069a565491d6244fd342d1693b9a1f15a2251bdee2db63054",
    "rust/README.zetch.md": "a9d4cc05a87de4f436d4f576c315d171a510b07307df3678420517ff0a2881b1",
    "py/README.zetch.md": "a9d4cc05a87de4f436d4f576c315d171a510b07307df3678420517ff0a2881b1"
  }
}